
Microsoft Visual Studio Solution File, Format Version 12.00
# Visual Studio Version 16
VisualStudioVersion = 16.0.30413.136
MinimumVisualStudioVersion = 10.0.40219.1
Project("{9A19103F-16F7-4668-BE54-9A1E7A4F7556}") = "CSharp", "CSharp.csproj", "{133A1B4B-2712-496B-B272-9014FC68D5BB}"
EndProject
Project("{FAE04EC0-301F-11D3-BF4B-00C04F79EFBC}") = "Orders.Domain", "..\Orders.Domain\Orders.Domain.csproj", "{C75717A8-25CF-4B71-8ED2-6126342912FF}"
EndProject
Project("{FAE04EC0-301F-11D3-BF4B-00C04F79EFBC}") = "Orders.Data", "..\Data\Orders.Data.csproj", "{B8968D81-ED61-4420-92AB-D6E63ED762DC}"
EndProject
Global
	GlobalSection(SolutionConfigurationPlatforms) = preSolution
		Debug|Any CPU = Debug|Any CPU
		Release|Any CPU = Release|Any CPU
	EndGlobalSection
	GlobalSection(ProjectConfigurationPlatforms) = postSolution
		{133A1B4B-2712-496B-B272-9014FC68D5BB}.Debug|Any CPU.ActiveCfg = Debug|Any CPU
		{133A1B4B-2712-496B-B272-9014FC68D5BB}.Debug|Any CPU.Build.0 = Debug|Any CPU
		{133A1B4B-2712-496B-B272-9014FC68D5BB}.Release|Any CPU.ActiveCfg = Release|Any CPU
		{133A1B4B-2712-496B-B272-9014FC68D5BB}.Release|Any CPU.Build.0 = Release|Any CPU
		{C75717A8-25CF-4B71-8ED2-6126342912FF}.Debug|Any CPU.ActiveCfg = Debug|Any CPU
		{C75717A8-25CF-4B71-8ED2-6126342912FF}.Debug|Any CPU.Build.0 = Debug|Any CPU
		{C75717A8-25CF-4B71-8ED2-6126342912FF}.Release|Any CPU.ActiveCfg = Release|Any CPU
		{C75717A8-25CF-4B71-8ED2-6126342912FF}.Release|Any CPU.Build.0 = Release|Any CPU
		{B8968D81-ED61-4420-92AB-D6E63ED762DC}.Debug|Any CPU.ActiveCfg = Debug|Any CPU
		{B8968D81-ED61-4420-92AB-D6E63ED762DC}.Debug|Any CPU.Build.0 = Debug|Any CPU
		{B8968D81-ED61-4420-92AB-D6E63ED762DC}.Release|Any CPU.ActiveCfg = Release|Any CPU
		{B8968D81-ED61-4420-92AB-D6E63ED762DC}.Release|Any CPU.Build.0 = Release|Any CPU
	EndGlobalSection
	GlobalSection(SolutionProperties) = preSolution
		HideSolutionNode = FALSE
	EndGlobalSection
	GlobalSection(ExtensibilityGlobals) = postSolution
		SolutionGuid = {43A1D056-FE2E-4552-B18C-94241C34103E}
	EndGlobalSection
EndGlobal
